{
    "_readme": [
        "This file locks the dependencies of your project to a known state",
        "Read more about it at https://getcomposer.org/doc/01-basic-usage.md#installing-dependencies",
        "This file is @generated automatically"
    ],
    "content-hash": "12f6ceb42b40e693692c1454ed4de3a8",
    "packages": [
        {
            "name": "faapz/pdo",
            "version": "v1.11.0",
            "source": {
                "type": "git",
                "url": "https://github.com/FaaPz/PDO.git",
                "reference": "a84ac97d3df7c021ccd4af4b28b2afeb75e42894"
            },
            "dist": {
                "type": "zip",
                "url": "https://api.github.com/repos/FaaPz/PDO/zipball/a84ac97d3df7c021ccd4af4b28b2afeb75e42894",
                "reference": "a84ac97d3df7c021ccd4af4b28b2afeb75e42894",
                "shasum": ""
            },
            "require": {
                "ext-pdo": "*",
                "php": ">=5.3.0"
            },
            "type": "library",
            "autoload": {
                "psr-4": {
                    "FaaPz\\PDO\\": "src/"
                }
            },
            "notification-url": "https://packagist.org/downloads/",
            "license": [
                "MIT"
            ],
            "authors": [
                {
                    "name": "Fabian de Laender",
                    "email": "fabian@faapz.productions",
                    "homepage": "https://faapz.productions",
                    "role": "Developer"
                }
            ],
            "description": "Just another PDO database library",
            "homepage": "https://github.com/FaaPz/PDO",
            "keywords": [
                "database",
                "pdo",
                "sql"
            ],
            "support": {
                "docs": "https://github.com/FaaPz/PDO/blob/master/docs/README.md",
                "issues": "https://github.com/FaaPz/PDO/issues",
                "source": "https://github.com/FaaPz/PDO/tree/1.x"
            },
            "time": "2019-03-06T13:07:56+00:00"
        }
    ],
    "packages-dev": [],
    "aliases": [],
    "minimum-stability": "stable",
    "stability-flags": [],
    "prefer-stable": false,
    "prefer-lowest": false,
    "platform": [],
    "platform-dev": [],
    "plugin-api-version": "2.2.0"
}
